
Microsoft Visual Studio Solution File, Format Version 12.00
# Visual Studio Version 17
VisualStudioVersion = 17.14.35906.104
MinimumVisualStudioVersion = 10.0.40219.1
Project("{FAE04EC0-301F-11D3-BF4B-00C04F79EFBC}") = "RewindSubtitleDisplayerForPlex", "RewindSubtitleDisplayerForPlex.csproj", "{05F1B67A-1B56-4695-9469-66BE0499A701}"
EndProject
Global
	GlobalSection(SolutionConfigurationPlatforms) = preSolution
		Debug|Any CPU = Debug|Any CPU
		Release|Any CPU = Release|Any CPU
	EndGlobalSection
	GlobalSection(ProjectConfigurationPlatforms) = postSolution
		{05F1B67A-1B56-4695-9469-66BE0499A701}.Debug|Any CPU.ActiveCfg = Debug|Any CPU
		{05F1B67A-1B56-4695-9469-66BE0499A701}.Debug|Any CPU.Build.0 = Debug|Any CPU
		{05F1B67A-1B56-4695-9469-66BE0499A701}.Release|Any CPU.ActiveCfg = Release|Any CPU
		{05F1B67A-1B56-4695-9469-66BE0499A701}.Release|Any CPU.Build.0 = Release|Any CPU
	EndGlobalSection
	GlobalSection(SolutionProperties) = preSolution
		HideSolutionNode = FALSE
	EndGlobalSection
	GlobalSection(ExtensibilityGlobals) = postSolution
		SolutionGuid = {12E3A898-2AFD-43AC-BD9F-2A4C695A577B}
	EndGlobalSection
EndGlobal
